# This file is automatically @generated by Cargo.
# It is not intended for manual editing.
version = 4

[[package]]
name = "gsi-android"
version = "0.1.0"

[[package]]
name = "gsi-image"
version = "0.1.0"

[[package]]
name = "gsi-root-cli"
version = "0.1.0"
dependencies = [
 "gsi-android",
 "gsi-image",
 "gsi-root-core",
]

[[package]]
name = "gsi-root-core"
version = "0.1.0"
dependencies = [
 "gsi-android",
 "gsi-image",
]
